
Microsoft Visual Studio Solution File, Format Version 12.00
# Visual Studio 14
VisualStudioVersion = 14.0.25123.0
MinimumVisualStudioVersion = 10.0.40219.1
Project("{FAE04EC0-301F-11D3-BF4B-00C04F79EFBC}") = "IntroMvcDemo", "IntroMvcDemo\IntroMvcDemo.csproj", "{FC61445E-9512-4965-BE87-DB6D1D397310}"
EndProject
Project("{FAE04EC0-301F-11D3-BF4B-00C04F79EFBC}") = "IntroMvcDemo.DataAccess", "IntroMvcDemo.DataAccess\IntroMvcDemo.DataAccess.csproj", "{E8D0A569-A5D5-496F-941E-95582377C277}"
EndProject
Project("{FAE04EC0-301F-11D3-BF4B-00C04F79EFBC}") = "IntroMvcDemo.Common", "IntroMvcDemo.Common\IntroMvcDemo.Common.csproj", "{C524DF16-EDE5-459E-B001-3BC79C8434C7}"
EndProject
Project("{2150E333-8FDC-42A3-9474-1A3956D46DE8}") = "Solution Items", "Solution Items", "{1BB97D0A-AAD1-405E-AF78-829D7FBD3FF8}"
	ProjectSection(SolutionItems) = preProject
		Solution Items\CodeDictionary.xml = Solution Items\CodeDictionary.xml
		Solution Items\CreateDatabase.sql = Solution Items\CreateDatabase.sql
	EndProjectSection
EndProject
Global
	GlobalSection(SolutionConfigurationPlatforms) = preSolution
		Debug|Any CPU = Debug|Any CPU
		Release|Any CPU = Release|Any CPU
	EndGlobalSection
	GlobalSection(ProjectConfigurationPlatforms) = postSolution
		{FC61445E-9512-4965-BE87-DB6D1D397310}.Debug|Any CPU.ActiveCfg = Debug|Any CPU
		{FC61445E-9512-4965-BE87-DB6D1D397310}.Debug|Any CPU.Build.0 = Debug|Any CPU
		{FC61445E-9512-4965-BE87-DB6D1D397310}.Release|Any CPU.ActiveCfg = Release|Any CPU
		{FC61445E-9512-4965-BE87-DB6D1D397310}.Release|Any CPU.Build.0 = Release|Any CPU
		{E8D0A569-A5D5-496F-941E-95582377C277}.Debug|Any CPU.ActiveCfg = Debug|Any CPU
		{E8D0A569-A5D5-496F-941E-95582377C277}.Debug|Any CPU.Build.0 = Debug|Any CPU
		{E8D0A569-A5D5-496F-941E-95582377C277}.Release|Any CPU.ActiveCfg = Release|Any CPU
		{E8D0A569-A5D5-496F-941E-95582377C277}.Release|Any CPU.Build.0 = Release|Any CPU
		{C524DF16-EDE5-459E-B001-3BC79C8434C7}.Debug|Any CPU.ActiveCfg = Debug|Any CPU
		{C524DF16-EDE5-459E-B001-3BC79C8434C7}.Debug|Any CPU.Build.0 = Debug|Any CPU
		{C524DF16-EDE5-459E-B001-3BC79C8434C7}.Release|Any CPU.ActiveCfg = Release|Any CPU
		{C524DF16-EDE5-459E-B001-3BC79C8434C7}.Release|Any CPU.Build.0 = Release|Any CPU
	EndGlobalSection
	GlobalSection(SolutionProperties) = preSolution
		HideSolutionNode = FALSE
	EndGlobalSection
EndGlobal
